// !$*UTF8*$!
{
	archiveVersion = 1;
	classes = {
	};
	objectVersion = 56;
	objects = {

/* Begin PBXBuildFile section */
		FA1DB3192D670E89003F4611 /* TitleSubtitleCellViewModel.swift in Sources */ = {isa = PBXBuildFile; fileRef = FA1DB3182D670E89003F4611 /* TitleSubtitleCellViewModel.swift */; };
		FA1DB31C2D670F59003F4611 /* TitleSubtitleCell.swift in Sources */ = {isa = PBXBuildFile; fileRef = FA1DB31B2D670F59003F4611 /* TitleSubtitleCell.swift */; };
		FA4551F22D70A9460088CA78 /* EventCellViewModel.swift in Sources */ = {isa = PBXBuildFile; fileRef = FA4551F12D70A9460088CA78 /* EventCellViewModel.swift */; };
		FA4551F52D70AA8E0088CA78 /* EventCell.swift in Sources */ = {isa = PBXBuildFile; fileRef = FA4551F42D70AA8E0088CA78 /* EventCell.swift */; };
		FA4551F72D70B1F10088CA78 /* UIView+Extensions.swift in Sources */ = {isa = PBXBuildFile; fileRef = FA4551F62D70B1F10088CA78 /* UIView+Extensions.swift */; };
		FA4551F92D70B55D0088CA78 /* Date+Extensions.swift in Sources */ = {isa = PBXBuildFile; fileRef = FA4551F82D70B55D0088CA78 /* Date+Extensions.swift */; };
		FAA3C5162D6D2BD800E510AC /* ImagePickerCoordinator.swift in Sources */ = {isa = PBXBuildFile; fileRef = FAA3C5152D6D2BD800E510AC /* ImagePickerCoordinator.swift */; };
		FAA3C5192D6D2F8F00E510AC /* EventCellBuilder.swift in Sources */ = {isa = PBXBuildFile; fileRef = FAA3C5182D6D2F8F00E510AC /* EventCellBuilder.swift */; };
		FABB531C2D630F30005F0190 /* AppDelegate.swift in Sources */ = {isa = PBXBuildFile; fileRef = FABB531B2D630F30005F0190 /* AppDelegate.swift */; };
		FABB531E2D630F30005F0190 /* SceneDelegate.swift in Sources */ = {isa = PBXBuildFile; fileRef = FABB531D2D630F30005F0190 /* SceneDelegate.swift */; };
		FABB53252D630F32005F0190 /* Assets.xcassets in Resources */ = {isa = PBXBuildFile; fileRef = FABB53242D630F32005F0190 /* Assets.xcassets */; };
		FABB53282D630F32005F0190 /* Base in Resources */ = {isa = PBXBuildFile; fileRef = FABB53272D630F32005F0190 /* Base */; };
		FABB53322D63130A005F0190 /* AppCoordinator.swift in Sources */ = {isa = PBXBuildFile; fileRef = FABB53312D63130A005F0190 /* AppCoordinator.swift */; };
		FABB53342D63141D005F0190 /* EventListCoordinator.swift in Sources */ = {isa = PBXBuildFile; fileRef = FABB53332D63141D005F0190 /* EventListCoordinator.swift */; };
		FADC04B82D647D5500FF3865 /* UIColor + Extensions.swift in Sources */ = {isa = PBXBuildFile; fileRef = FADC04B72D647D5500FF3865 /* UIColor + Extensions.swift */; };
		FADC04BC2D647DB100FF3865 /* EventListVC.xib in Resources */ = {isa = PBXBuildFile; fileRef = FADC04BB2D647DB100FF3865 /* EventListVC.xib */; };
		FADC04BD2D647DB100FF3865 /* EventListVC.swift in Sources */ = {isa = PBXBuildFile; fileRef = FADC04BA2D647DB100FF3865 /* EventListVC.swift */; };
		FADC04C12D64865B00FF3865 /* EventsApp.xcdatamodeld in Sources */ = {isa = PBXBuildFile; fileRef = FADC04BF2D64865B00FF3865 /* EventsApp.xcdatamodeld */; };
		FADC04C42D6486B400FF3865 /* CoreDataManager.swift in Sources */ = {isa = PBXBuildFile; fileRef = FADC04C32D6486B400FF3865 /* CoreDataManager.swift */; };
		FADC04C82D64A6F900FF3865 /* AddEventVC.xib in Resources */ = {isa = PBXBuildFile; fileRef = FADC04C72D64A6F900FF3865 /* AddEventVC.xib */; };
		FADC04C92D64A6F900FF3865 /* AddEventVC.swift in Sources */ = {isa = PBXBuildFile; fileRef = FADC04C62D64A6F900FF3865 /* AddEventVC.swift */; };
		FADC04CC2D64A72900FF3865 /* EventListViewModel.swift in Sources */ = {isa = PBXBuildFile; fileRef = FADC04CB2D64A72900FF3865 /* EventListViewModel.swift */; };
		FADC04CE2D64A73500FF3865 /* AddEventViewModel.swift in Sources */ = {isa = PBXBuildFile; fileRef = FADC04CD2D64A73500FF3865 /* AddEventViewModel.swift */; };
		FADC04D02D64A8AD00FF3865 /* AddEventCoordinator.swift in Sources */ = {isa = PBXBuildFile; fileRef = FADC04CF2D64A8AD00FF3865 /* AddEventCoordinator.swift */; };
		FAE11DA02D732C400007D135 /* CacheManager.swift in Sources */ = {isa = PBXBuildFile; fileRef = FAE11D9F2D732C400007D135 /* CacheManager.swift */; };
/* End PBXBuildFile section */

/* Begin PBXFileReference section */
		FA1DB3182D670E89003F4611 /* TitleSubtitleCellViewModel.swift */ = {isa = PBXFileReference; lastKnownFileType = sourcecode.swift; path = TitleSubtitleCellViewModel.swift; sourceTree = "<group>"; };
		FA1DB31B2D670F59003F4611 /* TitleSubtitleCell.swift */ = {isa = PBXFileReference; lastKnownFileType = sourcecode.swift; path = TitleSubtitleCell.swift; sourceTree = "<group>"; };
		FA4551F12D70A9460088CA78 /* EventCellViewModel.swift */ = {isa = PBXFileReference; lastKnownFileType = sourcecode.swift; path = EventCellViewModel.swift; sourceTree = "<group>"; };
		FA4551F42D70AA8E0088CA78 /* EventCell.swift */ = {isa = PBXFileReference; lastKnownFileType = sourcecode.swift; path = EventCell.swift; sourceTree = "<group>"; };
		FA4551F62D70B1F10088CA78 /* UIView+Extensions.swift */ = {isa = PBXFileReference; lastKnownFileType = sourcecode.swift; path = "UIView+Extensions.swift"; sourceTree = "<group>"; };
		FA4551F82D70B55D0088CA78 /* Date+Extensions.swift */ = {isa = PBXFileReference; lastKnownFileType = sourcecode.swift; path = "Date+Extensions.swift"; sourceTree = "<group>"; };
		FAA3C5152D6D2BD800E510AC /* ImagePickerCoordinator.swift */ = {isa = PBXFileReference; lastKnownFileType = sourcecode.swift; path = ImagePickerCoordinator.swift; sourceTree = "<group>"; };
		FAA3C5182D6D2F8F00E510AC /* EventCellBuilder.swift */ = {isa = PBXFileReference; lastKnownFileType = sourcecode.swift; path = EventCellBuilder.swift; sourceTree = "<group>"; };
		FABB53182D630F30005F0190 /* Events App 2.app */ = {isa = PBXFileReference; explicitFileType = wrapper.application; includeInIndex = 0; path = "Events App 2.app"; sourceTree = BUILT_PRODUCTS_DIR; };
		FABB531B2D630F30005F0190 /* AppDelegate.swift */ = {isa = PBXFileReference; lastKnownFileType = sourcecode.swift; path = AppDelegate.swift; sourceTree = "<group>"; };
		FABB531D2D630F30005F0190 /* SceneDelegate.swift */ = {isa = PBXFileReference; lastKnownFileType = sourcecode.swift; path = SceneDelegate.swift; sourceTree = "<group>"; };
		FABB53242D630F32005F0190 /* Assets.xcassets */ = {isa = PBXFileReference; lastKnownFileType = folder.assetcatalog; path = Assets.xcassets; sourceTree = "<group>"; };
		FABB53272D630F32005F0190 /* Base */ = {isa = PBXFileReference; lastKnownFileType = file.storyboard; name = Base; path = Base.lproj/LaunchScreen.storyboard; sourceTree = "<group>"; };
		FABB53292D630F32005F0190 /* Info.plist */ = {isa = PBXFileReference; lastKnownFileType = text.plist.xml; path = Info.plist; sourceTree = "<group>"; };
		FABB53312D63130A005F0190 /* AppCoordinator.swift */ = {isa = PBXFileReference; lastKnownFileType = sourcecode.swift; path = AppCoordinator.swift; sourceTree = "<group>"; };
		FABB53332D63141D005F0190 /* EventListCoordinator.swift */ = {isa = PBXFileReference; lastKnownFileType = sourcecode.swift; path = EventListCoordinator.swift; sourceTree = "<group>"; };
		FADC04B72D647D5500FF3865 /* UIColor + Extensions.swift */ = {isa = PBXFileReference; lastKnownFileType = sourcecode.swift; path = "UIColor + Extensions.swift"; sourceTree = "<group>"; };
		FADC04BA2D647DB100FF3865 /* EventListVC.swift */ = {isa = PBXFileReference; lastKnownFileType = sourcecode.swift; path = EventListVC.swift; sourceTree = "<group>"; };
		FADC04BB2D647DB100FF3865 /* EventListVC.xib */ = {isa = PBXFileReference; lastKnownFileType = file.xib; path = EventListVC.xib; sourceTree = "<group>"; };
		FADC04C02D64865B00FF3865 /* EventsApp.xcdatamodel */ = {isa = PBXFileReference; lastKnownFileType = wrapper.xcdatamodel; path = EventsApp.xcdatamodel; sourceTree = "<group>"; };
		FADC04C32D6486B400FF3865 /* CoreDataManager.swift */ = {isa = PBXFileReference; lastKnownFileType = sourcecode.swift; path = CoreDataManager.swift; sourceTree = "<group>"; };
		FADC04C62D64A6F900FF3865 /* AddEventVC.swift */ = {isa = PBXFileReference; lastKnownFileType = sourcecode.swift; path = AddEventVC.swift; sourceTree = "<group>"; };
		FADC04C72D64A6F900FF3865 /* AddEventVC.xib */ = {isa = PBXFileReference; lastKnownFileType = file.xib; path = AddEventVC.xib; sourceTree = "<group>"; };
		FADC04CB2D64A72900FF3865 /* EventListViewModel.swift */ = {isa = PBXFileReference; lastKnownFileType = sourcecode.swift; path = EventListViewModel.swift; sourceTree = "<group>"; };
		FADC04CD2D64A73500FF3865 /* AddEventViewModel.swift */ = {isa = PBXFileReference; lastKnownFileType = sourcecode.swift; path = AddEventViewModel.swift; sourceTree = "<group>"; };
		FADC04CF2D64A8AD00FF3865 /* AddEventCoordinator.swift */ = {isa = PBXFileReference; lastKnownFileType = sourcecode.swift; path = AddEventCoordinator.swift; sourceTree = "<group>"; };
		FAE11D9F2D732C400007D135 /* CacheManager.swift */ = {isa = PBXFileReference; lastKnownFileType = sourcecode.swift; path = CacheManager.swift; sourceTree = "<group>"; };
/* End PBXFileReference section */

/* Begin PBXFrameworksBuildPhase section */
		FABB53152D630F30005F0190 /* Frameworks */ = {
			isa = PBXFrameworksBuildPhase;
			buildActionMask = 2147483647;
			files = (
			);
			runOnlyForDeploymentPostprocessing = 0;
		};
/* End PBXFrameworksBuildPhase section */

/* Begin PBXGroup section */
		FA1DB31A2D670F43003F4611 /* Views */ = {
			isa = PBXGroup;
			children = (
				FA1DB31B2D670F59003F4611 /* TitleSubtitleCell.swift */,
			);
			path = Views;
			sourceTree = "<group>";
		};
		FA4551F32D70AA650088CA78 /* Event Cell */ = {
			isa = PBXGroup;
			children = (
				FA4551F42D70AA8E0088CA78 /* EventCell.swift */,
			);
			path = "Event Cell";
			sourceTree = "<group>";
		};
		FAA3C5172D6D2F7700E510AC /* Utility */ = {
			isa = PBXGroup;
			children = (
				FAA3C5182D6D2F8F00E510AC /* EventCellBuilder.swift */,
				FAE11D9F2D732C400007D135 /* CacheManager.swift */,
			);
			path = Utility;
			sourceTree = "<group>";
		};
		FABB530F2D630F30005F0190 = {
			isa = PBXGroup;
			children = (
				FABB531A2D630F30005F0190 /* Events App 2 */,
				FABB53192D630F30005F0190 /* Products */,
			);
			sourceTree = "<group>";
		};
		FABB53192D630F30005F0190 /* Products */ = {
			isa = PBXGroup;
			children = (
				FABB53182D630F30005F0190 /* Events App 2.app */,
			);
			name = Products;
			sourceTree = "<group>";
		};
		FABB531A2D630F30005F0190 /* Events App 2 */ = {
			isa = PBXGroup;
			children = (
				FAA3C5172D6D2F7700E510AC /* Utility */,
				FADC04BE2D64804900FF3865 /* Core */,
				FADC04B62D647D4000FF3865 /* Extensions */,
				FADC04C22D64869E00FF3865 /* Core Date */,
				FABB53302D6312F9005F0190 /* Coordinators */,
				FADC04CA2D64A70E00FF3865 /* View Models */,
				FADC04B52D647D3700FF3865 /* Scenes */,
				FABB53242D630F32005F0190 /* Assets.xcassets */,
				FABB53262D630F32005F0190 /* LaunchScreen.storyboard */,
				FABB53292D630F32005F0190 /* Info.plist */,
				FADC04BF2D64865B00FF3865 /* EventsApp.xcdatamodeld */,
			);
			path = "Events App 2";
			sourceTree = "<group>";
		};
		FABB53302D6312F9005F0190 /* Coordinators */ = {
			isa = PBXGroup;
			children = (
				FABB53312D63130A005F0190 /* AppCoordinator.swift */,
				FABB53332D63141D005F0190 /* EventListCoordinator.swift */,
				FADC04CF2D64A8AD00FF3865 /* AddEventCoordinator.swift */,
				FAA3C5152D6D2BD800E510AC /* ImagePickerCoordinator.swift */,
			);
			path = Coordinators;
			sourceTree = "<group>";
		};
		FADC04B52D647D3700FF3865 /* Scenes */ = {
			isa = PBXGroup;
			children = (
				FADC04B92D647D8D00FF3865 /* Events List */,
				FADC04C52D64A6DD00FF3865 /* Add Event */,
			);
			path = Scenes;
			sourceTree = "<group>";
		};
		FADC04B62D647D4000FF3865 /* Extensions */ = {
			isa = PBXGroup;
			children = (
				FADC04B72D647D5500FF3865 /* UIColor + Extensions.swift */,
				FA4551F62D70B1F10088CA78 /* UIView+Extensions.swift */,
				FA4551F82D70B55D0088CA78 /* Date+Extensions.swift */,
			);
			path = Extensions;
			sourceTree = "<group>";
		};
		FADC04B92D647D8D00FF3865 /* Events List */ = {
			isa = PBXGroup;
			children = (
				FADC04BA2D647DB100FF3865 /* EventListVC.swift */,
				FADC04BB2D647DB100FF3865 /* EventListVC.xib */,
				FA4551F32D70AA650088CA78 /* Event Cell */,
			);
			path = "Events List";
			sourceTree = "<group>";
		};
		FADC04BE2D64804900FF3865 /* Core */ = {
			isa = PBXGroup;
			children = (
				FABB531B2D630F30005F0190 /* AppDelegate.swift */,
				FABB531D2D630F30005F0190 /* SceneDelegate.swift */,
			);
			path = Core;
			sourceTree = "<group>";
		};
		FADC04C22D64869E00FF3865 /* Core Date */ = {
			isa = PBXGroup;
			children = (
				FADC04C32D6486B400FF3865 /* CoreDataManager.swift */,
			);
			path = "Core Date";
			sourceTree = "<group>";
		};
		FADC04C52D64A6DD00FF3865 /* Add Event */ = {
			isa = PBXGroup;
			children = (
				FADC04C62D64A6F900FF3865 /* AddEventVC.swift */,
				FADC04C72D64A6F900FF3865 /* AddEventVC.xib */,
				FA1DB31A2D670F43003F4611 /* Views */,
			);
			path = "Add Event";
			sourceTree = "<group>";
		};
		FADC04CA2D64A70E00FF3865 /* View Models */ = {
			isa = PBXGroup;
			children = (
				FADC04CB2D64A72900FF3865 /* EventListViewModel.swift */,
				FA4551F12D70A9460088CA78 /* EventCellViewModel.swift */,
				FADC04CD2D64A73500FF3865 /* AddEventViewModel.swift */,
				FA1DB3182D670E89003F4611 /* TitleSubtitleCellViewModel.swift */,
			);
			path = "View Models";
			sourceTree = "<group>";
		};
/* End PBXGroup section */

/* Begin PBXNativeTarget section */
		FABB53172D630F30005F0190 /* Events App 2 */ = {
			isa = PBXNativeTarget;
			buildConfigurationList = FABB532C2D630F32005F0190 /* Build configuration list for PBXNativeTarget "Events App 2" */;
			buildPhases = (
				FABB53142D630F30005F0190 /* Sources */,
				FABB53152D630F30005F0190 /* Frameworks */,
				FABB53162D630F30005F0190 /* Resources */,
			);
			buildRules = (
			);
			dependencies = (
			);
			name = "Events App 2";
			productName = "Events App 2";
			productReference = FABB53182D630F30005F0190 /* Events App 2.app */;
			productType = "com.apple.product-type.application";
		};
/* End PBXNativeTarget section */

/* Begin PBXProject section */
		FABB53102D630F30005F0190 /* Project object */ = {
			isa = PBXProject;
			attributes = {
				BuildIndependentTargetsInParallel = 1;
				LastSwiftUpdateCheck = 1540;
				LastUpgradeCheck = 1540;
				TargetAttributes = {
					FABB53172D630F30005F0190 = {
						CreatedOnToolsVersion = 15.4;
					};
				};
			};
			buildConfigurationList = FABB53132D630F30005F0190 /* Build configuration list for PBXProject "Events App 2" */;
			compatibilityVersion = "Xcode 14.0";
			developmentRegion = en;
			hasScannedForEncodings = 0;
			knownRegions = (
				en,
				Base,
			);
			mainGroup = FABB530F2D630F30005F0190;
			productRefGroup = FABB53192D630F30005F0190 /* Products */;
			projectDirPath = "";
			projectRoot = "";
			targets = (
				FABB53172D630F30005F0190 /* Events App 2 */,
			);
		};
/* End PBXProject section */

/* Begin PBXResourcesBuildPhase section */
		FABB53162D630F30005F0190 /* Resources */ = {
			isa = PBXResourcesBuildPhase;
			buildActionMask = 2147483647;
			files = (
				FADC04BC2D647DB100FF3865 /* EventListVC.xib in Resources */,
				FABB53252D630F32005F0190 /* Assets.xcassets in Resources */,
				FABB53282D630F32005F0190 /* Base in Resources */,
				FADC04C82D64A6F900FF3865 /* AddEventVC.xib in Resources */,
			);
			runOnlyForDeploymentPostprocessing = 0;
		};
/* End PBXResourcesBuildPhase section */

/* Begin PBXSourcesBuildPhase section */
		FABB53142D630F30005F0190 /* Sources */ = {
			isa = PBXSourcesBuildPhase;
			buildActionMask = 2147483647;
			files = (
				FA1DB31C2D670F59003F4611 /* TitleSubtitleCell.swift in Sources */,
				FA4551F22D70A9460088CA78 /* EventCellViewModel.swift in Sources */,
				FABB53322D63130A005F0190 /* AppCoordinator.swift in Sources */,
				FABB531C2D630F30005F0190 /* AppDelegate.swift in Sources */,
				FADC04B82D647D5500FF3865 /* UIColor + Extensions.swift in Sources */,
				FADC04CC2D64A72900FF3865 /* EventListViewModel.swift in Sources */,
				FADC04BD2D647DB100FF3865 /* EventListVC.swift in Sources */,
				FABB531E2D630F30005F0190 /* SceneDelegate.swift in Sources */,
				FADC04C92D64A6F900FF3865 /* AddEventVC.swift in Sources */,
				FADC04CE2D64A73500FF3865 /* AddEventViewModel.swift in Sources */,
				FA4551F52D70AA8E0088CA78 /* EventCell.swift in Sources */,
				FABB53342D63141D005F0190 /* EventListCoordinator.swift in Sources */,
				FA4551F72D70B1F10088CA78 /* UIView+Extensions.swift in Sources */,
				FAE11DA02D732C400007D135 /* CacheManager.swift in Sources */,
				FA4551F92D70B55D0088CA78 /* Date+Extensions.swift in Sources */,
				FAA3C5192D6D2F8F00E510AC /* EventCellBuilder.swift in Sources */,
				FADC04C42D6486B400FF3865 /* CoreDataManager.swift in Sources */,
				FADC04C12D64865B00FF3865 /* EventsApp.xcdatamodeld in Sources */,
				FADC04D02D64A8AD00FF3865 /* AddEventCoordinator.swift in Sources */,
				FA1DB3192D670E89003F4611 /* TitleSubtitleCellViewModel.swift in Sources */,
				FAA3C5162D6D2BD800E510AC /* ImagePickerCoordinator.swift in Sources */,
			);
			runOnlyForDeploymentPostprocessing = 0;
		};
/* End PBXSourcesBuildPhase section */

/* Begin PBXVariantGroup section */
		FABB53262D630F32005F0190 /* LaunchScreen.storyboard */ = {
			isa = PBXVariantGroup;
			children = (
				FABB53272D630F32005F0190 /* Base */,
			);
			name = LaunchScreen.storyboard;
			sourceTree = "<group>";
		};
/* End PBXVariantGroup section */

/* Begin XCBuildConfiguration section */
		FABB532A2D630F32005F0190 /* Debug */ = {
			isa = XCBuildConfiguration;
			buildSettings = {
				ALWAYS_SEARCH_USER_PATHS = NO;
				ASSETCATALOG_COMPILER_GENERATE_SWIFT_ASSET_SYMBOL_EXTENSIONS = YES;
				CLANG_ANALYZER_NONNULL = YES;
				CLANG_ANALYZER_NUMBER_OBJECT_CONVERSION = YES_AGGRESSIVE;
				CLANG_CXX_LANGUAGE_STANDARD = "gnu++20";
				CLANG_ENABLE_MODULES = YES;
				CLANG_ENABLE_OBJC_ARC = YES;
				CLANG_ENABLE_OBJC_WEAK = YES;
				CLANG_WARN_BLOCK_CAPTURE_AUTORELEASING = YES;
				CLANG_WARN_BOOL_CONVERSION = YES;
				CLANG_WARN_COMMA = YES;
				CLANG_WARN_CONSTANT_CONVERSION = YES;
				CLANG_WARN_DEPRECATED_OBJC_IMPLEMENTATIONS = YES;
				CLANG_WARN_DIRECT_OBJC_ISA_USAGE = YES_ERROR;
				CLANG_WARN_DOCUMENTATION_COMMENTS = YES;
				CLANG_WARN_EMPTY_BODY = YES;
				CLANG_WARN_ENUM_CONVERSION = YES;
				CLANG_WARN_INFINITE_RECURSION = YES;
				CLANG_WARN_INT_CONVERSION = YES;
				CLANG_WARN_NON_LITERAL_NULL_CONVERSION = YES;
				CLANG_WARN_OBJC_IMPLICIT_RETAIN_SELF = YES;
				CLANG_WARN_OBJC_LITERAL_CONVERSION = YES;
				CLANG_WARN_OBJC_ROOT_CLASS = YES_ERROR;
				CLANG_WARN_QUOTED_INCLUDE_IN_FRAMEWORK_HEADER = YES;
				CLANG_WARN_RANGE_LOOP_ANALYSIS = YES;
				CLANG_WARN_STRICT_PROTOTYPES = YES;
				CLANG_WARN_SUSPICIOUS_MOVE = YES;
				CLANG_WARN_UNGUARDED_AVAILABILITY = YES_AGGRESSIVE;
				CLANG_WARN_UNREACHABLE_CODE = YES;
				CLANG_WARN__DUPLICATE_METHOD_MATCH = YES;
				COPY_PHASE_STRIP = NO;
				DEBUG_INFORMATION_FORMAT = dwarf;
				ENABLE_STRICT_OBJC_MSGSEND = YES;
				ENABLE_TESTABILITY = YES;
				ENABLE_USER_SCRIPT_SANDBOXING = YES;
				GCC_C_LANGUAGE_STANDARD = gnu17;
				GCC_DYNAMIC_NO_PIC = NO;
				GCC_NO_COMMON_BLOCKS = YES;
				GCC_OPTIMIZATION_LEVEL = 0;
				GCC_PREPROCESSOR_DEFINITIONS = (
					"DEBUG=1",
					"$(inherited)",
				);
				GCC_WARN_64_TO_32_BIT_CONVERSION = YES;
				GCC_WARN_ABOUT_RETURN_TYPE = YES_ERROR;
				GCC_WARN_UNDECLARED_SELECTOR = YES;
				GCC_WARN_UNINITIALIZED_AUTOS = YES_AGGRESSIVE;
				GCC_WARN_UNUSED_FUNCTION = YES;
				GCC_WARN_UNUSED_VARIABLE = YES;
				IPHONEOS_DEPLOYMENT_TARGET = 13.0;
				LOCALIZATION_PREFERS_STRING_CATALOGS = YES;
				MTL_ENABLE_DEBUG_INFO = INCLUDE_SOURCE;
				MTL_FAST_MATH = YES;
				ONLY_ACTIVE_ARCH = YES;
				SDKROOT = iphoneos;
				SWIFT_ACTIVE_COMPILATION_CONDITIONS = "DEBUG $(inherited)";
				SWIFT_OPTIMIZATION_LEVEL = "-Onone";
			};
			name = Debug;
		};
		FABB532B2D630F32005F0190 /* Release */ = {
			isa = XCBuildConfiguration;
			buildSettings = {
				ALWAYS_SEARCH_USER_PATHS = NO;
				ASSETCATALOG_COMPILER_GENERATE_SWIFT_ASSET_SYMBOL_EXTENSIONS = YES;
				CLANG_ANALYZER_NONNULL = YES;
				CLANG_ANALYZER_NUMBER_OBJECT_CONVERSION = YES_AGGRESSIVE;
				CLANG_CXX_LANGUAGE_STANDARD = "gnu++20";
				CLANG_ENABLE_MODULES = YES;
				CLANG_ENABLE_OBJC_ARC = YES;
				CLANG_ENABLE_OBJC_WEAK = YES;
				CLANG_WARN_BLOCK_CAPTURE_AUTORELEASING = YES;
				CLANG_WARN_BOOL_CONVERSION = YES;
				CLANG_WARN_COMMA = YES;
				CLANG_WARN_CONSTANT_CONVERSION = YES;
				CLANG_WARN_DEPRECATED_OBJC_IMPLEMENTATIONS = YES;
				CLANG_WARN_DIRECT_OBJC_ISA_USAGE = YES_ERROR;
				CLANG_WARN_DOCUMENTATION_COMMENTS = YES;
				CLANG_WARN_EMPTY_BODY = YES;
				CLANG_WARN_ENUM_CONVERSION = YES;
				CLANG_WARN_INFINITE_RECURSION = YES;
				CLANG_WARN_INT_CONVERSION = YES;
				CLANG_WARN_NON_LITERAL_NULL_CONVERSION = YES;
				CLANG_WARN_OBJC_IMPLICIT_RETAIN_SELF = YES;
				CLANG_WARN_OBJC_LITERAL_CONVERSION = YES;
				CLANG_WARN_OBJC_ROOT_CLASS = YES_ERROR;
				CLANG_WARN_QUOTED_INCLUDE_IN_FRAMEWORK_HEADER = YES;
				CLANG_WARN_RANGE_LOOP_ANALYSIS = YES;
				CLANG_WARN_STRICT_PROTOTYPES = YES;
				CLANG_WARN_SUSPICIOUS_MOVE = YES;
				CLANG_WARN_UNGUARDED_AVAILABILITY = YES_AGGRESSIVE;
				CLANG_WARN_UNREACHABLE_CODE = YES;
				CLANG_WARN__DUPLICATE_METHOD_MATCH = YES;
				COPY_PHASE_STRIP = NO;
				DEBUG_INFORMATION_FORMAT = "dwarf-with-dsym";
				ENABLE_NS_ASSERTIONS = NO;
				ENABLE_STRICT_OBJC_MSGSEND = YES;
				ENABLE_USER_SCRIPT_SANDBOXING = YES;
				GCC_C_LANGUAGE_STANDARD = gnu17;
				GCC_NO_COMMON_BLOCKS = YES;
				GCC_WARN_64_TO_32_BIT_CONVERSION = YES;
				GCC_WARN_ABOUT_RETURN_TYPE = YES_ERROR;
				GCC_WARN_UNDECLARED_SELECTOR = YES;
				GCC_WARN_UNINITIALIZED_AUTOS = YES_AGGRESSIVE;
				GCC_WARN_UNUSED_FUNCTION = YES;
				GCC_WARN_UNUSED_VARIABLE = YES;
				IPHONEOS_DEPLOYMENT_TARGET = 13.0;
				LOCALIZATION_PREFERS_STRING_CATALOGS = YES;
				MTL_ENABLE_DEBUG_INFO = NO;
				MTL_FAST_MATH = YES;
				SDKROOT = iphoneos;
				SWIFT_COMPILATION_MODE = wholemodule;
				VALIDATE_PRODUCT = YES;
			};
			name = Release;
		};
		FABB532D2D630F32005F0190 /* Debug */ = {
			isa = XCBuildConfiguration;
			buildSettings = {
				ASSETCATALOG_COMPILER_APPICON_NAME = AppIcon;
				ASSETCATALOG_COMPILER_GLOBAL_ACCENT_COLOR_NAME = AccentColor;
				CODE_SIGN_STYLE = Automatic;
				CURRENT_PROJECT_VERSION = 1;
				GENERATE_INFOPLIST_FILE = YES;
				INFOPLIST_FILE = "Events App 2/Info.plist";
				INFOPLIST_KEY_UIApplicationSupportsIndirectInputEvents = YES;
				INFOPLIST_KEY_UILaunchStoryboardName = LaunchScreen;
				INFOPLIST_KEY_UIMainStoryboardFile = "";
				INFOPLIST_KEY_UISupportedInterfaceOrientations_iPad = "UIInterfaceOrientationPortrait UIInterfaceOrientationPortraitUpsideDown UIInterfaceOrientationLandscapeLeft UIInterfaceOrientationLandscapeRight";
				INFOPLIST_KEY_UISupportedInterfaceOrientations_iPhone = "UIInterfaceOrientationPortrait UIInterfaceOrientationLandscapeLeft UIInterfaceOrientationLandscapeRight";
				IPHONEOS_DEPLOYMENT_TARGET = 13.0;
				LD_RUNPATH_SEARCH_PATHS = (
					"$(inherited)",
					"@executable_path/Frameworks",
				);
				MARKETING_VERSION = 1.0;
				PRODUCT_BUNDLE_IDENTIFIER = "com.native.Events-App-2";
				PRODUCT_NAME = "$(TARGET_NAME)";
				SUPPORTED_PLATFORMS = "iphoneos iphonesimulator";
				SUPPORTS_MACCATALYST = NO;
				SUPPORTS_MAC_DESIGNED_FOR_IPHONE_IPAD = NO;
				SUPPORTS_XR_DESIGNED_FOR_IPHONE_IPAD = NO;
				SWIFT_EMIT_LOC_STRINGS = YES;
				SWIFT_VERSION = 5.0;
				TARGETED_DEVICE_FAMILY = "1,2";
			};
			name = Debug;
		};
		FABB532E2D630F32005F0190 /* Release */ = {
			isa = XCBuildConfiguration;
			buildSettings = {
				ASSETCATALOG_COMPILER_APPICON_NAME = AppIcon;
				ASSETCATALOG_COMPILER_GLOBAL_ACCENT_COLOR_NAME = AccentColor;
				CODE_SIGN_STYLE = Automatic;
				CURRENT_PROJECT_VERSION = 1;
				GENERATE_INFOPLIST_FILE = YES;
				INFOPLIST_FILE = "Events App 2/Info.plist";
				INFOPLIST_KEY_UIApplicationSupportsIndirectInputEvents = YES;
				INFOPLIST_KEY_UILaunchStoryboardName = LaunchScreen;
				INFOPLIST_KEY_UIMainStoryboardFile = "";
				INFOPLIST_KEY_UISupportedInterfaceOrientations_iPad = "UIInterfaceOrientationPortrait UIInterfaceOrientationPortraitUpsideDown UIInterfaceOrientationLandscapeLeft UIInterfaceOrientationLandscapeRight";
				INFOPLIST_KEY_UISupportedInterfaceOrientations_iPhone = "UIInterfaceOrientationPortrait UIInterfaceOrientationLandscapeLeft UIInterfaceOrientationLandscapeRight";
				IPHONEOS_DEPLOYMENT_TARGET = 13.0;
				LD_RUNPATH_SEARCH_PATHS = (
					"$(inherited)",
					"@executable_path/Frameworks",
				);
				MARKETING_VERSION = 1.0;
				PRODUCT_BUNDLE_IDENTIFIER = "com.native.Events-App-2";
				PRODUCT_NAME = "$(TARGET_NAME)";
				SUPPORTED_PLATFORMS = "iphoneos iphonesimulator";
				SUPPORTS_MACCATALYST = NO;
				SUPPORTS_MAC_DESIGNED_FOR_IPHONE_IPAD = NO;
				SUPPORTS_XR_DESIGNED_FOR_IPHONE_IPAD = NO;
				SWIFT_EMIT_LOC_STRINGS = YES;
				SWIFT_VERSION = 5.0;
				TARGETED_DEVICE_FAMILY = "1,2";
			};
			name = Release;
		};
/* End XCBuildConfiguration section */

/* Begin XCConfigurationList section */
		FABB53132D630F30005F0190 /* Build configuration list for PBXProject "Events App 2" */ = {
			isa = XCConfigurationList;
			buildConfigurations = (
				FABB532A2D630F32005F0190 /* Debug */,
				FABB532B2D630F32005F0190 /* Release */,
			);
			defaultConfigurationIsVisible = 0;
			defaultConfigurationName = Release;
		};
		FABB532C2D630F32005F0190 /* Build configuration list for PBXNativeTarget "Events App 2" */ = {
			isa = XCConfigurationList;
			buildConfigurations = (
				FABB532D2D630F32005F0190 /* Debug */,
				FABB532E2D630F32005F0190 /* Release */,
			);
			defaultConfigurationIsVisible = 0;
			defaultConfigurationName = Release;
		};
/* End XCConfigurationList section */

/* Begin XCVersionGroup section */
		FADC04BF2D64865B00FF3865 /* EventsApp.xcdatamodeld */ = {
			isa = XCVersionGroup;
			children = (
				FADC04C02D64865B00FF3865 /* EventsApp.xcdatamodel */,
			);
			currentVersion = FADC04C02D64865B00FF3865 /* EventsApp.xcdatamodel */;
			name = EventsApp.xcdatamodeld;
			path = "/Users/macbook/IOS/5 months Study/Concurrency/Projects/Events App 2/Events App 2/EventsApp.xcdatamodeld";
			sourceTree = "<group>";
			versionGroupType = wrapper.xcdatamodel;
		};
/* End XCVersionGroup section */
	};
	rootObject = FABB53102D630F30005F0190 /* Project object */;
}
